<?xml version="1.0" encoding="utf-8"?>
<Project ToolsVersion="4.0" xmlns="http://schemas.microsoft.com/developer/msbuild/2003">
  <ItemGroup>
    <Filter Include="Source files">
      <UniqueIdentifier>{b9b85c1c-2fa3-46fe-b571-a77d295bb8d9}</UniqueIdentifier>
      <Extensions>cpp;c;cc;cxx;def;odl;idl;hpj;bat;asm;asmx</Extensions>
    </Filter>
    <Filter Include="Header files">
      <UniqueIdentifier>{b3a2859f-d9c9-4627-a9bf-e64a2f35e6e0}</UniqueIdentifier>
      <Extensions>h;hpp;hxx;hm;inl;inc;xsd</Extensions>
    </Filter>
    <Filter Include="Resource files">
      <UniqueIdentifier>{39d934d3-4556-4a94-9ca0-693b0a302140}</UniqueIdentifier>
      <Extensions>rc;ico;cur;bmp;dlg;rc2;rct;bin;rgs;gif;jpg;jpeg;jpe;resx;tiff;tif;png;wav</Extensions>
    </Filter>
    <Filter Include="Make files">
      <UniqueIdentifier>{79820988-64dd-4331-9de8-9623b12aab18}</UniqueIdentifier>
    </Filter>
    <Filter Include="VisualGDB settings">
      <UniqueIdentifier>{b6e6e893-4e47-4d2c-9bed-840c9d0007cc}</UniqueIdentifier>
    </Filter>
  </ItemGroup>
  <ItemGroup>
    <ClCompile Include="ATC_DGT3000_EXT.cpp">
      <Filter>Source files</Filter>
    </ClCompile>
    <None Include="debug.mak">
      <Filter>Make files</Filter>
    </None>
    <None Include="release.mak">
      <Filter>Make files</Filter>
    </None>
    <None Include="ATC_DGT3000_EXT-Debug.vgdbsettings">
      <Filter>VisualGDB settings</Filter>
    </None>
    <None Include="ATC_DGT3000_EXT-Release.vgdbsettings">
      <Filter>VisualGDB settings</Filter>
    </None>
    <ClCompile Include="udp_discovery_ip_port.cpp">
      <Filter>Source files</Filter>
    </ClCompile>
    <ClCompile Include="udp_discovery_peer.cpp">
      <Filter>Source files</Filter>
    </ClCompile>
    <ClCompile Include="udp_discovery_protocol.cpp">
      <Filter>Source files</Filter>
    </ClCompile>
  </ItemGroup>
  <ItemGroup>
    <None Include="Makefile" />
    <None Include="README.md" />
    <None Include="atcdgt3000ext.ini">
      <Filter>Resource files</Filter>
    </None>
  </ItemGroup>
  <ItemGroup>
    <ClInclude Include="dgtpicom.h">
      <Filter>Header files</Filter>
    </ClInclude>
    <ClInclude Include="inipp.h">
      <Filter>Header files</Filter>
    </ClInclude>
    <ClInclude Include="httplib.h">
      <Filter>Header files</Filter>
    </ClInclude>
    <ClInclude Include="dgtpicom_dgt3000.h">
      <Filter>Header files</Filter>
    </ClInclude>
    <ClInclude Include="udp_discovery_ip_port.hpp">
      <Filter>Header files</Filter>
    </ClInclude>
    <ClInclude Include="udp_discovery_peer.hpp">
      <Filter>Header files</Filter>
    </ClInclude>
    <ClInclude Include="udp_discovery_protocol.hpp">
      <Filter>Header files</Filter>
    </ClInclude>
    <ClInclude Include="udp_discovery_discovered_peer.hpp">
      <Filter>Header files</Filter>
    </ClInclude>
    <ClInclude Include="udp_discovery_peer_parameters.hpp">
      <Filter>Header files</Filter>
    </ClInclude>
  </ItemGroup>
</Project>