<?xml version="1.0" encoding="UTF-8"?>
<CodeBlocks_project_file>
	<FileVersion major="1" minor="6"/>
	<Project>
		<Option title="controller"/>
		<Option makefile_is_custom="1"/>
		<Option compiler="gcc"/>
		<Option virtualFolders="CMake Files\;"/>
		<Build>
			<Target title="all">
				<Option working_dir="/home/prodevmo/Desktop/AtomicChessOS/src/src_controller/controller/controller"/>
				<Option type="4"/>
				<MakeCommands>
					<Build command="/usr/bin/make -f &quot;/home/prodevmo/Desktop/AtomicChessOS/src/src_controller/controller/controller/Makefile&quot;  VERBOSE=1 all"/>
					<CompileFile command="/usr/bin/make -f &quot;/home/prodevmo/Desktop/AtomicChessOS/src/src_controller/controller/controller/Makefile&quot;  VERBOSE=1 &quot;$file&quot;"/>
					<Clean command="/usr/bin/make -f &quot;/home/prodevmo/Desktop/AtomicChessOS/src/src_controller/controller/controller/Makefile&quot;  VERBOSE=1 clean"/>
					<DistClean command="/usr/bin/make -f &quot;/home/prodevmo/Desktop/AtomicChessOS/src/src_controller/controller/controller/Makefile&quot;  VERBOSE=1 clean"/>
				</MakeCommands>
			</Target>
			<Target title="rebuild_cache">
				<Option working_dir="/home/prodevmo/Desktop/AtomicChessOS/src/src_controller/controller/controller"/>
				<Option type="4"/>
				<MakeCommands>
					<Build command="/usr/bin/make -f &quot;/home/prodevmo/Desktop/AtomicChessOS/src/src_controller/controller/controller/Makefile&quot;  VERBOSE=1 rebuild_cache"/>
					<CompileFile command="/usr/bin/make -f &quot;/home/prodevmo/Desktop/AtomicChessOS/src/src_controller/controller/controller/Makefile&quot;  VERBOSE=1 &quot;$file&quot;"/>
					<Clean command="/usr/bin/make -f &quot;/home/prodevmo/Desktop/AtomicChessOS/src/src_controller/controller/controller/Makefile&quot;  VERBOSE=1 clean"/>
					<DistClean command="/usr/bin/make -f &quot;/home/prodevmo/Desktop/AtomicChessOS/src/src_controller/controller/controller/Makefile&quot;  VERBOSE=1 clean"/>
				</MakeCommands>
			</Target>
			<Target title="edit_cache">
				<Option working_dir="/home/prodevmo/Desktop/AtomicChessOS/src/src_controller/controller/controller"/>
				<Option type="4"/>
				<MakeCommands>
					<Build command="/usr/bin/make -f &quot;/home/prodevmo/Desktop/AtomicChessOS/src/src_controller/controller/controller/Makefile&quot;  VERBOSE=1 edit_cache"/>
					<CompileFile command="/usr/bin/make -f &quot;/home/prodevmo/Desktop/AtomicChessOS/src/src_controller/controller/controller/Makefile&quot;  VERBOSE=1 &quot;$file&quot;"/>
					<Clean command="/usr/bin/make -f &quot;/home/prodevmo/Desktop/AtomicChessOS/src/src_controller/controller/controller/Makefile&quot;  VERBOSE=1 clean"/>
					<DistClean command="/usr/bin/make -f &quot;/home/prodevmo/Desktop/AtomicChessOS/src/src_controller/controller/controller/Makefile&quot;  VERBOSE=1 clean"/>
				</MakeCommands>
			</Target>
			<Target title="controller">
				<Option output="/home/prodevmo/Desktop/AtomicChessOS/src/src_controller/controller/controller/controller" prefix_auto="0" extension_auto="0"/>
				<Option working_dir="/home/prodevmo/Desktop/AtomicChessOS/src/src_controller/controller/controller"/>
				<Option object_output="./"/>
				<Option type="1"/>
				<Option compiler="gcc"/>
				<Compiler/>
				<MakeCommands>
					<Build command="/usr/bin/make -f &quot;/home/prodevmo/Desktop/AtomicChessOS/src/src_controller/controller/controller/Makefile&quot;  VERBOSE=1 controller"/>
					<CompileFile command="/usr/bin/make -f &quot;/home/prodevmo/Desktop/AtomicChessOS/src/src_controller/controller/controller/Makefile&quot;  VERBOSE=1 &quot;$file&quot;"/>
					<Clean command="/usr/bin/make -f &quot;/home/prodevmo/Desktop/AtomicChessOS/src/src_controller/controller/controller/Makefile&quot;  VERBOSE=1 clean"/>
					<DistClean command="/usr/bin/make -f &quot;/home/prodevmo/Desktop/AtomicChessOS/src/src_controller/controller/controller/Makefile&quot;  VERBOSE=1 clean"/>
				</MakeCommands>
			</Target>
			<Target title="controller/fast">
				<Option output="/home/prodevmo/Desktop/AtomicChessOS/src/src_controller/controller/controller/controller" prefix_auto="0" extension_auto="0"/>
				<Option working_dir="/home/prodevmo/Desktop/AtomicChessOS/src/src_controller/controller/controller"/>
				<Option object_output="./"/>
				<Option type="1"/>
				<Option compiler="gcc"/>
				<Compiler/>
				<MakeCommands>
					<Build command="/usr/bin/make -f &quot;/home/prodevmo/Desktop/AtomicChessOS/src/src_controller/controller/controller/Makefile&quot;  VERBOSE=1 controller/fast"/>
					<CompileFile command="/usr/bin/make -f &quot;/home/prodevmo/Desktop/AtomicChessOS/src/src_controller/controller/controller/Makefile&quot;  VERBOSE=1 &quot;$file&quot;"/>
					<Clean command="/usr/bin/make -f &quot;/home/prodevmo/Desktop/AtomicChessOS/src/src_controller/controller/controller/Makefile&quot;  VERBOSE=1 clean"/>
					<DistClean command="/usr/bin/make -f &quot;/home/prodevmo/Desktop/AtomicChessOS/src/src_controller/controller/controller/Makefile&quot;  VERBOSE=1 clean"/>
				</MakeCommands>
			</Target>
		</Build>
		<Unit filename="/home/prodevmo/Desktop/AtomicChessOS/src/src_controller/controller/controller/main.cpp">
			<Option target="controller"/>
		</Unit>
		<Unit filename="/home/prodevmo/Desktop/AtomicChessOS/src/src_controller/controller/controller/CMakeLists.txt">
			<Option virtualFolder="CMake Files\"/>
		</Unit>
	</Project>
</CodeBlocks_project_file>
